
Microsoft Visual Studio Solution File, Format Version 12.00
# Visual Studio Version 16
VisualStudioVersion = 16.0.28803.156
MinimumVisualStudioVersion = 10.0.40219.1
Project("{9A19103F-16F7-4668-BE54-9A1E7A4F7556}") = "AutomapperConsole", "AutomapperConsole\AutomapperConsole.csproj", "{A6032A40-F484-4F7A-A820-6F68CA5B5DC5}"
EndProject
Global
	GlobalSection(SolutionConfigurationPlatforms) = preSolution
		Debug|Any CPU = Debug|Any CPU
		Release|Any CPU = Release|Any CPU
	EndGlobalSection
	GlobalSection(ProjectConfigurationPlatforms) = postSolution
		{A6032A40-F484-4F7A-A820-6F68CA5B5DC5}.Debug|Any CPU.ActiveCfg = Debug|Any CPU
		{A6032A40-F484-4F7A-A820-6F68CA5B5DC5}.Debug|Any CPU.Build.0 = Debug|Any CPU
		{A6032A40-F484-4F7A-A820-6F68CA5B5DC5}.Release|Any CPU.ActiveCfg = Release|Any CPU
		{A6032A40-F484-4F7A-A820-6F68CA5B5DC5}.Release|Any CPU.Build.0 = Release|Any CPU
	EndGlobalSection
	GlobalSection(SolutionProperties) = preSolution
		HideSolutionNode = FALSE
	EndGlobalSection
	GlobalSection(ExtensibilityGlobals) = postSolution
		SolutionGuid = {4C27C97D-915B-4DDF-BC24-9ADC69655D05}
	EndGlobalSection
EndGlobal
